
Microsoft Visual Studio Solution File, Format Version 12.00
# Visual Studio 14
VisualStudioVersion = 14.0.23107.0
MinimumVisualStudioVersion = 10.0.40219.1
Project("{FAE04EC0-301F-11D3-BF4B-00C04F79EFBC}") = "DS", "DS\DS.csproj", "{0540AD31-9470-4C6B-B846-ADADA2AD955F}"
EndProject
Project("{FAE04EC0-301F-11D3-BF4B-00C04F79EFBC}") = "BS", "BS\BS.csproj", "{E916E1B8-3AD0-4667-8226-BA7CDAE25D78}"
EndProject
Project("{FAE04EC0-301F-11D3-BF4B-00C04F79EFBC}") = "CONTENEDORES", "CONTENEDORES\CONTENEDORES.csproj", "{98319375-45F0-4390-9781-5F4E520AD8BF}"
EndProject
Project("{FAE04EC0-301F-11D3-BF4B-00C04F79EFBC}") = "WCF", "WCF\WCF.csproj", "{9A519C39-8DFE-47EC-B0AC-D85E8775B87E}"
EndProject
Project("{FAE04EC0-301F-11D3-BF4B-00C04F79EFBC}") = "UI", "UI\UI.csproj", "{76B0C91D-A223-4F1C-95B6-CA20DF320A8A}"
EndProject
Global
	GlobalSection(SolutionConfigurationPlatforms) = preSolution
		Debug|Any CPU = Debug|Any CPU
		Release|Any CPU = Release|Any CPU
	EndGlobalSection
	GlobalSection(ProjectConfigurationPlatforms) = postSolution
		{0540AD31-9470-4C6B-B846-ADADA2AD955F}.Debug|Any CPU.ActiveCfg = Debug|Any CPU
		{0540AD31-9470-4C6B-B846-ADADA2AD955F}.Debug|Any CPU.Build.0 = Debug|Any CPU
		{0540AD31-9470-4C6B-B846-ADADA2AD955F}.Release|Any CPU.ActiveCfg = Release|Any CPU
		{0540AD31-9470-4C6B-B846-ADADA2AD955F}.Release|Any CPU.Build.0 = Release|Any CPU
		{E916E1B8-3AD0-4667-8226-BA7CDAE25D78}.Debug|Any CPU.ActiveCfg = Debug|Any CPU
		{E916E1B8-3AD0-4667-8226-BA7CDAE25D78}.Debug|Any CPU.Build.0 = Debug|Any CPU
		{E916E1B8-3AD0-4667-8226-BA7CDAE25D78}.Release|Any CPU.ActiveCfg = Release|Any CPU
		{E916E1B8-3AD0-4667-8226-BA7CDAE25D78}.Release|Any CPU.Build.0 = Release|Any CPU
		{98319375-45F0-4390-9781-5F4E520AD8BF}.Debug|Any CPU.ActiveCfg = Debug|Any CPU
		{98319375-45F0-4390-9781-5F4E520AD8BF}.Debug|Any CPU.Build.0 = Debug|Any CPU
		{98319375-45F0-4390-9781-5F4E520AD8BF}.Release|Any CPU.ActiveCfg = Release|Any CPU
		{98319375-45F0-4390-9781-5F4E520AD8BF}.Release|Any CPU.Build.0 = Release|Any CPU
		{9A519C39-8DFE-47EC-B0AC-D85E8775B87E}.Debug|Any CPU.ActiveCfg = Debug|Any CPU
		{9A519C39-8DFE-47EC-B0AC-D85E8775B87E}.Debug|Any CPU.Build.0 = Debug|Any CPU
		{9A519C39-8DFE-47EC-B0AC-D85E8775B87E}.Release|Any CPU.ActiveCfg = Release|Any CPU
		{9A519C39-8DFE-47EC-B0AC-D85E8775B87E}.Release|Any CPU.Build.0 = Release|Any CPU
		{76B0C91D-A223-4F1C-95B6-CA20DF320A8A}.Debug|Any CPU.ActiveCfg = Debug|Any CPU
		{76B0C91D-A223-4F1C-95B6-CA20DF320A8A}.Debug|Any CPU.Build.0 = Debug|Any CPU
		{76B0C91D-A223-4F1C-95B6-CA20DF320A8A}.Release|Any CPU.ActiveCfg = Release|Any CPU
		{76B0C91D-A223-4F1C-95B6-CA20DF320A8A}.Release|Any CPU.Build.0 = Release|Any CPU
	EndGlobalSection
	GlobalSection(SolutionProperties) = preSolution
		HideSolutionNode = FALSE
	EndGlobalSection
EndGlobal
